// !$*UTF8*$!
{
	archiveVersion = 1;
	classes = {
	};
	objectVersion = 56;
	objects = {

/* Begin PBXBuildFile section */
		2D1914032B49C8900087FBAA /* DiceCombinationHelper.swift in Sources */ = {isa = PBXBuildFile; fileRef = 2D1914022B49C8900087FBAA /* DiceCombinationHelper.swift */; };
		2D1914052B49C9520087FBAA /* DiceView.swift in Sources */ = {isa = PBXBuildFile; fileRef = 2D1914042B49C9520087FBAA /* DiceView.swift */; };
		2D1914072B49C98E0087FBAA /* Dice.swift in Sources */ = {isa = PBXBuildFile; fileRef = 2D1914062B49C98E0087FBAA /* Dice.swift */; };
		2D1914092B49C9C20087FBAA /* DiceCombination.swift in Sources */ = {isa = PBXBuildFile; fileRef = 2D1914082B49C9C20087FBAA /* DiceCombination.swift */; };
		2D19140D2B49CA740087FBAA /* ScoreCircleView.swift in Sources */ = {isa = PBXBuildFile; fileRef = 2D19140C2B49CA740087FBAA /* ScoreCircleView.swift */; };
		2D1914102B49CAEC0087FBAA /* Wave.swift in Sources */ = {isa = PBXBuildFile; fileRef = 2D19140F2B49CAEC0087FBAA /* Wave.swift */; };
		2D1914122B49CBB60087FBAA /* DiceGameModel.swift in Sources */ = {isa = PBXBuildFile; fileRef = 2D1914112B49CBB60087FBAA /* DiceGameModel.swift */; };
		2D1914142B49CC3F0087FBAA /* RankingOfHands.swift in Sources */ = {isa = PBXBuildFile; fileRef = 2D1914132B49CC3F0087FBAA /* RankingOfHands.swift */; };
		2D1914162B49CC7A0087FBAA /* DiceGameView.swift in Sources */ = {isa = PBXBuildFile; fileRef = 2D1914152B49CC7A0087FBAA /* DiceGameView.swift */; };
		2D1914182B49CCB30087FBAA /* DiceGameViewModel.swift in Sources */ = {isa = PBXBuildFile; fileRef = 2D1914172B49CCB30087FBAA /* DiceGameViewModel.swift */; };
		2D19141A2B49CCFF0087FBAA /* Player.swift in Sources */ = {isa = PBXBuildFile; fileRef = 2D1914192B49CCFF0087FBAA /* Player.swift */; };
		2D7E9C282B4B0BFA00DB179D /* DiceCombinationHelperTests.swift in Sources */ = {isa = PBXBuildFile; fileRef = 2D7E9C272B4B0BFA00DB179D /* DiceCombinationHelperTests.swift */; };
		2D9BAB992B4B2F9600E73257 /* GameResultsView.swift in Sources */ = {isa = PBXBuildFile; fileRef = 2D9BAB982B4B2F9600E73257 /* GameResultsView.swift */; };
		2D9BAB9B2B4B38CA00E73257 /* GameDisplayView.swift in Sources */ = {isa = PBXBuildFile; fileRef = 2D9BAB9A2B4B38CA00E73257 /* GameDisplayView.swift */; };
		2D9BAB9D2B4B3ADD00E73257 /* RoundResultsView.swift in Sources */ = {isa = PBXBuildFile; fileRef = 2D9BAB9C2B4B3ADD00E73257 /* RoundResultsView.swift */; };
		2D9BAB9F2B4B3DAC00E73257 /* PlayerInfoView.swift in Sources */ = {isa = PBXBuildFile; fileRef = 2D9BAB9E2B4B3DAC00E73257 /* PlayerInfoView.swift */; };
		2D9BABA12B4B46E700E73257 /* GameHeaderView.swift in Sources */ = {isa = PBXBuildFile; fileRef = 2D9BABA02B4B46E700E73257 /* GameHeaderView.swift */; };
		A31A3C682B28425A00727761 /* dice_pokerApp.swift in Sources */ = {isa = PBXBuildFile; fileRef = A31A3C672B28425A00727761 /* dice_pokerApp.swift */; };
		A31A3C6C2B28425D00727761 /* Assets.xcassets in Resources */ = {isa = PBXBuildFile; fileRef = A31A3C6B2B28425D00727761 /* Assets.xcassets */; };
		A31A3C6F2B28425D00727761 /* Preview Assets.xcassets in Resources */ = {isa = PBXBuildFile; fileRef = A31A3C6E2B28425D00727761 /* Preview Assets.xcassets */; };
/* End PBXBuildFile section */

/* Begin PBXContainerItemProxy section */
		A31A3C752B28425E00727761 /* PBXContainerItemProxy */ = {
			isa = PBXContainerItemProxy;
			containerPortal = A31A3C5C2B28425A00727761 /* Project object */;
			proxyType = 1;
			remoteGlobalIDString = A31A3C632B28425A00727761;
			remoteInfo = "dice poker";
		};
/* End PBXContainerItemProxy section */

/* Begin PBXFileReference section */
		2D1914022B49C8900087FBAA /* DiceCombinationHelper.swift */ = {isa = PBXFileReference; lastKnownFileType = sourcecode.swift; path = DiceCombinationHelper.swift; sourceTree = "<group>"; };
		2D1914042B49C9520087FBAA /* DiceView.swift */ = {isa = PBXFileReference; lastKnownFileType = sourcecode.swift; path = DiceView.swift; sourceTree = "<group>"; };
		2D1914062B49C98E0087FBAA /* Dice.swift */ = {isa = PBXFileReference; lastKnownFileType = sourcecode.swift; path = Dice.swift; sourceTree = "<group>"; };
		2D1914082B49C9C20087FBAA /* DiceCombination.swift */ = {isa = PBXFileReference; lastKnownFileType = sourcecode.swift; path = DiceCombination.swift; sourceTree = "<group>"; };
		2D19140C2B49CA740087FBAA /* ScoreCircleView.swift */ = {isa = PBXFileReference; lastKnownFileType = sourcecode.swift; path = ScoreCircleView.swift; sourceTree = "<group>"; };
		2D19140F2B49CAEC0087FBAA /* Wave.swift */ = {isa = PBXFileReference; lastKnownFileType = sourcecode.swift; path = Wave.swift; sourceTree = "<group>"; };
		2D1914112B49CBB60087FBAA /* DiceGameModel.swift */ = {isa = PBXFileReference; lastKnownFileType = sourcecode.swift; path = DiceGameModel.swift; sourceTree = "<group>"; };
		2D1914132B49CC3F0087FBAA /* RankingOfHands.swift */ = {isa = PBXFileReference; lastKnownFileType = sourcecode.swift; path = RankingOfHands.swift; sourceTree = "<group>"; };
		2D1914152B49CC7A0087FBAA /* DiceGameView.swift */ = {isa = PBXFileReference; lastKnownFileType = sourcecode.swift; path = DiceGameView.swift; sourceTree = "<group>"; };
		2D1914172B49CCB30087FBAA /* DiceGameViewModel.swift */ = {isa = PBXFileReference; lastKnownFileType = sourcecode.swift; path = DiceGameViewModel.swift; sourceTree = "<group>"; };
		2D1914192B49CCFF0087FBAA /* Player.swift */ = {isa = PBXFileReference; lastKnownFileType = sourcecode.swift; path = Player.swift; sourceTree = "<group>"; };
		2D7E9C272B4B0BFA00DB179D /* DiceCombinationHelperTests.swift */ = {isa = PBXFileReference; lastKnownFileType = sourcecode.swift; path = DiceCombinationHelperTests.swift; sourceTree = "<group>"; };
		2D9BAB982B4B2F9600E73257 /* GameResultsView.swift */ = {isa = PBXFileReference; lastKnownFileType = sourcecode.swift; path = GameResultsView.swift; sourceTree = "<group>"; };
		2D9BAB9A2B4B38CA00E73257 /* GameDisplayView.swift */ = {isa = PBXFileReference; lastKnownFileType = sourcecode.swift; path = GameDisplayView.swift; sourceTree = "<group>"; };
		2D9BAB9C2B4B3ADD00E73257 /* RoundResultsView.swift */ = {isa = PBXFileReference; lastKnownFileType = sourcecode.swift; path = RoundResultsView.swift; sourceTree = "<group>"; };
		2D9BAB9E2B4B3DAC00E73257 /* PlayerInfoView.swift */ = {isa = PBXFileReference; lastKnownFileType = sourcecode.swift; path = PlayerInfoView.swift; sourceTree = "<group>"; };
		2D9BABA02B4B46E700E73257 /* GameHeaderView.swift */ = {isa = PBXFileReference; lastKnownFileType = sourcecode.swift; path = GameHeaderView.swift; sourceTree = "<group>"; };
		A31A3C642B28425A00727761 /* dice poker.app */ = {isa = PBXFileReference; explicitFileType = wrapper.application; includeInIndex = 0; path = "dice poker.app"; sourceTree = BUILT_PRODUCTS_DIR; };
		A31A3C672B28425A00727761 /* dice_pokerApp.swift */ = {isa = PBXFileReference; lastKnownFileType = sourcecode.swift; path = dice_pokerApp.swift; sourceTree = "<group>"; };
		A31A3C6B2B28425D00727761 /* Assets.xcassets */ = {isa = PBXFileReference; lastKnownFileType = folder.assetcatalog; path = Assets.xcassets; sourceTree = "<group>"; };
		A31A3C6E2B28425D00727761 /* Preview Assets.xcassets */ = {isa = PBXFileReference; lastKnownFileType = folder.assetcatalog; path = "Preview Assets.xcassets"; sourceTree = "<group>"; };
		A31A3C742B28425E00727761 /* dice pokerTests.xctest */ = {isa = PBXFileReference; explicitFileType = wrapper.cfbundle; includeInIndex = 0; path = "dice pokerTests.xctest"; sourceTree = BUILT_PRODUCTS_DIR; };
/* End PBXFileReference section */

/* Begin PBXFrameworksBuildPhase section */
		A31A3C612B28425A00727761 /* Frameworks */ = {
			isa = PBXFrameworksBuildPhase;
			buildActionMask = 2147483647;
			files = (
			);
			runOnlyForDeploymentPostprocessing = 0;
		};
		A31A3C712B28425E00727761 /* Frameworks */ = {
			isa = PBXFrameworksBuildPhase;
			buildActionMask = 2147483647;
			files = (
			);
			runOnlyForDeploymentPostprocessing = 0;
		};
/* End PBXFrameworksBuildPhase section */

/* Begin PBXGroup section */
		2D1913F92B49C6FF0087FBAA /* Utilities */ = {
			isa = PBXGroup;
			children = (
				2D1913FA2B49C7650087FBAA /* DiceCombinationHelper */,
			);
			path = Utilities;
			sourceTree = "<group>";
		};
		2D1913FA2B49C7650087FBAA /* DiceCombinationHelper */ = {
			isa = PBXGroup;
			children = (
				2D1914022B49C8900087FBAA /* DiceCombinationHelper.swift */,
			);
			path = DiceCombinationHelper;
			sourceTree = "<group>";
		};
		2D1913FB2B49C7CC0087FBAA /* Features */ = {
			isa = PBXGroup;
			children = (
				2D19140A2B49CA170087FBAA /* Common */,
				2D1913FC2B49C7FD0087FBAA /* DiceGame */,
			);
			path = Features;
			sourceTree = "<group>";
		};
		2D1913FC2B49C7FD0087FBAA /* DiceGame */ = {
			isa = PBXGroup;
			children = (
				2D1914002B49C8400087FBAA /* ViewModels */,
				2D1913FF2B49C82F0087FBAA /* Views */,
				2D1913FD2B49C8180087FBAA /* Models */,
			);
			path = DiceGame;
			sourceTree = "<group>";
		};
		2D1913FD2B49C8180087FBAA /* Models */ = {
			isa = PBXGroup;
			children = (
				2D1914062B49C98E0087FBAA /* Dice.swift */,
				2D1914082B49C9C20087FBAA /* DiceCombination.swift */,
				2D1914112B49CBB60087FBAA /* DiceGameModel.swift */,
				2D1914192B49CCFF0087FBAA /* Player.swift */,
			);
			path = Models;
			sourceTree = "<group>";
		};
		2D1913FF2B49C82F0087FBAA /* Views */ = {
			isa = PBXGroup;
			children = (
				2D1914042B49C9520087FBAA /* DiceView.swift */,
				2D1914132B49CC3F0087FBAA /* RankingOfHands.swift */,
				2D1914152B49CC7A0087FBAA /* DiceGameView.swift */,
				2D9BAB982B4B2F9600E73257 /* GameResultsView.swift */,
				2D9BAB9A2B4B38CA00E73257 /* GameDisplayView.swift */,
				2D9BAB9C2B4B3ADD00E73257 /* RoundResultsView.swift */,
				2D9BAB9E2B4B3DAC00E73257 /* PlayerInfoView.swift */,
				2D9BABA02B4B46E700E73257 /* GameHeaderView.swift */,
			);
			path = Views;
			sourceTree = "<group>";
		};
		2D1914002B49C8400087FBAA /* ViewModels */ = {
			isa = PBXGroup;
			children = (
				2D1914172B49CCB30087FBAA /* DiceGameViewModel.swift */,
			);
			path = ViewModels;
			sourceTree = "<group>";
		};
		2D19140A2B49CA170087FBAA /* Common */ = {
			isa = PBXGroup;
			children = (
				2D19140B2B49CA350087FBAA /* Views */,
			);
			path = Common;
			sourceTree = "<group>";
		};
		2D19140B2B49CA350087FBAA /* Views */ = {
			isa = PBXGroup;
			children = (
				2D19140E2B49CAA10087FBAA /* Shapes */,
				2D19140C2B49CA740087FBAA /* ScoreCircleView.swift */,
			);
			path = Views;
			sourceTree = "<group>";
		};
		2D19140E2B49CAA10087FBAA /* Shapes */ = {
			isa = PBXGroup;
			children = (
				2D19140F2B49CAEC0087FBAA /* Wave.swift */,
			);
			path = Shapes;
			sourceTree = "<group>";
		};
		A31A3C5B2B28425A00727761 = {
			isa = PBXGroup;
			children = (
				A31A3C662B28425A00727761 /* dice poker */,
				A31A3C772B28425E00727761 /* dice pokerTests */,
				A31A3C652B28425A00727761 /* Products */,
			);
			sourceTree = "<group>";
		};
		A31A3C652B28425A00727761 /* Products */ = {
			isa = PBXGroup;
			children = (
				A31A3C642B28425A00727761 /* dice poker.app */,
				A31A3C742B28425E00727761 /* dice pokerTests.xctest */,
			);
			name = Products;
			sourceTree = "<group>";
		};
		A31A3C662B28425A00727761 /* dice poker */ = {
			isa = PBXGroup;
			children = (
				2D1913FB2B49C7CC0087FBAA /* Features */,
				2D1913F92B49C6FF0087FBAA /* Utilities */,
				A31A3C6B2B28425D00727761 /* Assets.xcassets */,
				A31A3C672B28425A00727761 /* dice_pokerApp.swift */,
				A31A3C6D2B28425D00727761 /* Preview Content */,
			);
			path = "dice poker";
			sourceTree = "<group>";
		};
		A31A3C6D2B28425D00727761 /* Preview Content */ = {
			isa = PBXGroup;
			children = (
				A31A3C6E2B28425D00727761 /* Preview Assets.xcassets */,
			);
			path = "Preview Content";
			sourceTree = "<group>";
		};
		A31A3C772B28425E00727761 /* dice pokerTests */ = {
			isa = PBXGroup;
			children = (
				2D7E9C272B4B0BFA00DB179D /* DiceCombinationHelperTests.swift */,
			);
			path = "dice pokerTests";
			sourceTree = "<group>";
		};
/* End PBXGroup section */

/* Begin PBXNativeTarget section */
		A31A3C632B28425A00727761 /* dice poker */ = {
			isa = PBXNativeTarget;
			buildConfigurationList = A31A3C882B28425E00727761 /* Build configuration list for PBXNativeTarget "dice poker" */;
			buildPhases = (
				A31A3C602B28425A00727761 /* Sources */,
				A31A3C612B28425A00727761 /* Frameworks */,
				A31A3C622B28425A00727761 /* Resources */,
			);
			buildRules = (
			);
			dependencies = (
			);
			name = "dice poker";
			productName = "dice poker";
			productReference = A31A3C642B28425A00727761 /* dice poker.app */;
			productType = "com.apple.product-type.application";
		};
		A31A3C732B28425E00727761 /* dice pokerTests */ = {
			isa = PBXNativeTarget;
			buildConfigurationList = A31A3C8B2B28425E00727761 /* Build configuration list for PBXNativeTarget "dice pokerTests" */;
			buildPhases = (
				A31A3C702B28425E00727761 /* Sources */,
				A31A3C712B28425E00727761 /* Frameworks */,
				A31A3C722B28425E00727761 /* Resources */,
			);
			buildRules = (
			);
			dependencies = (
				A31A3C762B28425E00727761 /* PBXTargetDependency */,
			);
			name = "dice pokerTests";
			productName = "dice pokerTests";
			productReference = A31A3C742B28425E00727761 /* dice pokerTests.xctest */;
			productType = "com.apple.product-type.bundle.unit-test";
		};
/* End PBXNativeTarget section */

/* Begin PBXProject section */
		A31A3C5C2B28425A00727761 /* Project object */ = {
			isa = PBXProject;
			attributes = {
				BuildIndependentTargetsInParallel = 1;
				LastSwiftUpdateCheck = 1420;
				LastUpgradeCheck = 1420;
				TargetAttributes = {
					A31A3C632B28425A00727761 = {
						CreatedOnToolsVersion = 14.2;
					};
					A31A3C732B28425E00727761 = {
						CreatedOnToolsVersion = 14.2;
						TestTargetID = A31A3C632B28425A00727761;
					};
				};
			};
			buildConfigurationList = A31A3C5F2B28425A00727761 /* Build configuration list for PBXProject "dice poker" */;
			compatibilityVersion = "Xcode 14.0";
			developmentRegion = en;
			hasScannedForEncodings = 0;
			knownRegions = (
				en,
				Base,
			);
			mainGroup = A31A3C5B2B28425A00727761;
			productRefGroup = A31A3C652B28425A00727761 /* Products */;
			projectDirPath = "";
			projectRoot = "";
			targets = (
				A31A3C632B28425A00727761 /* dice poker */,
				A31A3C732B28425E00727761 /* dice pokerTests */,
			);
		};
/* End PBXProject section */

/* Begin PBXResourcesBuildPhase section */
		A31A3C622B28425A00727761 /* Resources */ = {
			isa = PBXResourcesBuildPhase;
			buildActionMask = 2147483647;
			files = (
				A31A3C6F2B28425D00727761 /* Preview Assets.xcassets in Resources */,
				A31A3C6C2B28425D00727761 /* Assets.xcassets in Resources */,
			);
			runOnlyForDeploymentPostprocessing = 0;
		};
		A31A3C722B28425E00727761 /* Resources */ = {
			isa = PBXResourcesBuildPhase;
			buildActionMask = 2147483647;
			files = (
			);
			runOnlyForDeploymentPostprocessing = 0;
		};
/* End PBXResourcesBuildPhase section */

/* Begin PBXSourcesBuildPhase section */
		A31A3C602B28425A00727761 /* Sources */ = {
			isa = PBXSourcesBuildPhase;
			buildActionMask = 2147483647;
			files = (
				2D1914102B49CAEC0087FBAA /* Wave.swift in Sources */,
				2D1914052B49C9520087FBAA /* DiceView.swift in Sources */,
				A31A3C682B28425A00727761 /* dice_pokerApp.swift in Sources */,
				2D9BAB9F2B4B3DAC00E73257 /* PlayerInfoView.swift in Sources */,
				2D1914142B49CC3F0087FBAA /* RankingOfHands.swift in Sources */,
				2D19141A2B49CCFF0087FBAA /* Player.swift in Sources */,
				2D1914182B49CCB30087FBAA /* DiceGameViewModel.swift in Sources */,
				2D1914072B49C98E0087FBAA /* Dice.swift in Sources */,
				2D9BABA12B4B46E700E73257 /* GameHeaderView.swift in Sources */,
				2D1914092B49C9C20087FBAA /* DiceCombination.swift in Sources */,
				2D1914032B49C8900087FBAA /* DiceCombinationHelper.swift in Sources */,
				2D1914122B49CBB60087FBAA /* DiceGameModel.swift in Sources */,
				2D19140D2B49CA740087FBAA /* ScoreCircleView.swift in Sources */,
				2D9BAB992B4B2F9600E73257 /* GameResultsView.swift in Sources */,
				2D9BAB9D2B4B3ADD00E73257 /* RoundResultsView.swift in Sources */,
				2D1914162B49CC7A0087FBAA /* DiceGameView.swift in Sources */,
				2D9BAB9B2B4B38CA00E73257 /* GameDisplayView.swift in Sources */,
			);
			runOnlyForDeploymentPostprocessing = 0;
		};
		A31A3C702B28425E00727761 /* Sources */ = {
			isa = PBXSourcesBuildPhase;
			buildActionMask = 2147483647;
			files = (
				2D7E9C282B4B0BFA00DB179D /* DiceCombinationHelperTests.swift in Sources */,
			);
			runOnlyForDeploymentPostprocessing = 0;
		};
/* End PBXSourcesBuildPhase section */

/* Begin PBXTargetDependency section */
		A31A3C762B28425E00727761 /* PBXTargetDependency */ = {
			isa = PBXTargetDependency;
			target = A31A3C632B28425A00727761 /* dice poker */;
			targetProxy = A31A3C752B28425E00727761 /* PBXContainerItemProxy */;
		};
/* End PBXTargetDependency section */

/* Begin XCBuildConfiguration section */
		A31A3C862B28425E00727761 /* Debug */ = {
			isa = XCBuildConfiguration;
			buildSettings = {
				ALWAYS_SEARCH_USER_PATHS = NO;
				CLANG_ANALYZER_NONNULL = YES;
				CLANG_ANALYZER_NUMBER_OBJECT_CONVERSION = YES_AGGRESSIVE;
				CLANG_CXX_LANGUAGE_STANDARD = "gnu++20";
				CLANG_ENABLE_MODULES = YES;
				CLANG_ENABLE_OBJC_ARC = YES;
				CLANG_ENABLE_OBJC_WEAK = YES;
				CLANG_WARN_BLOCK_CAPTURE_AUTORELEASING = YES;
				CLANG_WARN_BOOL_CONVERSION = YES;
				CLANG_WARN_COMMA = YES;
				CLANG_WARN_CONSTANT_CONVERSION = YES;
				CLANG_WARN_DEPRECATED_OBJC_IMPLEMENTATIONS = YES;
				CLANG_WARN_DIRECT_OBJC_ISA_USAGE = YES_ERROR;
				CLANG_WARN_DOCUMENTATION_COMMENTS = YES;
				CLANG_WARN_EMPTY_BODY = YES;
				CLANG_WARN_ENUM_CONVERSION = YES;
				CLANG_WARN_INFINITE_RECURSION = YES;
				CLANG_WARN_INT_CONVERSION = YES;
				CLANG_WARN_NON_LITERAL_NULL_CONVERSION = YES;
				CLANG_WARN_OBJC_IMPLICIT_RETAIN_SELF = YES;
				CLANG_WARN_OBJC_LITERAL_CONVERSION = YES;
				CLANG_WARN_OBJC_ROOT_CLASS = YES_ERROR;
				CLANG_WARN_QUOTED_INCLUDE_IN_FRAMEWORK_HEADER = YES;
				CLANG_WARN_RANGE_LOOP_ANALYSIS = YES;
				CLANG_WARN_STRICT_PROTOTYPES = YES;
				CLANG_WARN_SUSPICIOUS_MOVE = YES;
				CLANG_WARN_UNGUARDED_AVAILABILITY = YES_AGGRESSIVE;
				CLANG_WARN_UNREACHABLE_CODE = YES;
				CLANG_WARN__DUPLICATE_METHOD_MATCH = YES;
				COPY_PHASE_STRIP = NO;
				DEBUG_INFORMATION_FORMAT = dwarf;
				ENABLE_STRICT_OBJC_MSGSEND = YES;
				ENABLE_TESTABILITY = YES;
				GCC_C_LANGUAGE_STANDARD = gnu11;
				GCC_DYNAMIC_NO_PIC = NO;
				GCC_NO_COMMON_BLOCKS = YES;
				GCC_OPTIMIZATION_LEVEL = 0;
				GCC_PREPROCESSOR_DEFINITIONS = (
					"DEBUG=1",
					"$(inherited)",
				);
				GCC_WARN_64_TO_32_BIT_CONVERSION = YES;
				GCC_WARN_ABOUT_RETURN_TYPE = YES_ERROR;
				GCC_WARN_UNDECLARED_SELECTOR = YES;
				GCC_WARN_UNINITIALIZED_AUTOS = YES_AGGRESSIVE;
				GCC_WARN_UNUSED_FUNCTION = YES;
				GCC_WARN_UNUSED_VARIABLE = YES;
				IPHONEOS_DEPLOYMENT_TARGET = 16.2;
				MTL_ENABLE_DEBUG_INFO = INCLUDE_SOURCE;
				MTL_FAST_MATH = YES;
				ONLY_ACTIVE_ARCH = YES;
				SDKROOT = iphoneos;
				SWIFT_ACTIVE_COMPILATION_CONDITIONS = DEBUG;
				SWIFT_OPTIMIZATION_LEVEL = "-Onone";
			};
			name = Debug;
		};
		A31A3C872B28425E00727761 /* Release */ = {
			isa = XCBuildConfiguration;
			buildSettings = {
				ALWAYS_SEARCH_USER_PATHS = NO;
				CLANG_ANALYZER_NONNULL = YES;
				CLANG_ANALYZER_NUMBER_OBJECT_CONVERSION = YES_AGGRESSIVE;
				CLANG_CXX_LANGUAGE_STANDARD = "gnu++20";
				CLANG_ENABLE_MODULES = YES;
				CLANG_ENABLE_OBJC_ARC = YES;
				CLANG_ENABLE_OBJC_WEAK = YES;
				CLANG_WARN_BLOCK_CAPTURE_AUTORELEASING = YES;
				CLANG_WARN_BOOL_CONVERSION = YES;
				CLANG_WARN_COMMA = YES;
				CLANG_WARN_CONSTANT_CONVERSION = YES;
				CLANG_WARN_DEPRECATED_OBJC_IMPLEMENTATIONS = YES;
				CLANG_WARN_DIRECT_OBJC_ISA_USAGE = YES_ERROR;
				CLANG_WARN_DOCUMENTATION_COMMENTS = YES;
				CLANG_WARN_EMPTY_BODY = YES;
				CLANG_WARN_ENUM_CONVERSION = YES;
				CLANG_WARN_INFINITE_RECURSION = YES;
				CLANG_WARN_INT_CONVERSION = YES;
				CLANG_WARN_NON_LITERAL_NULL_CONVERSION = YES;
				CLANG_WARN_OBJC_IMPLICIT_RETAIN_SELF = YES;
				CLANG_WARN_OBJC_LITERAL_CONVERSION = YES;
				CLANG_WARN_OBJC_ROOT_CLASS = YES_ERROR;
				CLANG_WARN_QUOTED_INCLUDE_IN_FRAMEWORK_HEADER = YES;
				CLANG_WARN_RANGE_LOOP_ANALYSIS = YES;
				CLANG_WARN_STRICT_PROTOTYPES = YES;
				CLANG_WARN_SUSPICIOUS_MOVE = YES;
				CLANG_WARN_UNGUARDED_AVAILABILITY = YES_AGGRESSIVE;
				CLANG_WARN_UNREACHABLE_CODE = YES;
				CLANG_WARN__DUPLICATE_METHOD_MATCH = YES;
				COPY_PHASE_STRIP = NO;
				DEBUG_INFORMATION_FORMAT = "dwarf-with-dsym";
				ENABLE_NS_ASSERTIONS = NO;
				ENABLE_STRICT_OBJC_MSGSEND = YES;
				GCC_C_LANGUAGE_STANDARD = gnu11;
				GCC_NO_COMMON_BLOCKS = YES;
				GCC_WARN_64_TO_32_BIT_CONVERSION = YES;
				GCC_WARN_ABOUT_RETURN_TYPE = YES_ERROR;
				GCC_WARN_UNDECLARED_SELECTOR = YES;
				GCC_WARN_UNINITIALIZED_AUTOS = YES_AGGRESSIVE;
				GCC_WARN_UNUSED_FUNCTION = YES;
				GCC_WARN_UNUSED_VARIABLE = YES;
				IPHONEOS_DEPLOYMENT_TARGET = 16.2;
				MTL_ENABLE_DEBUG_INFO = NO;
				MTL_FAST_MATH = YES;
				SDKROOT = iphoneos;
				SWIFT_COMPILATION_MODE = wholemodule;
				SWIFT_OPTIMIZATION_LEVEL = "-O";
				VALIDATE_PRODUCT = YES;
			};
			name = Release;
		};
		A31A3C892B28425E00727761 /* Debug */ = {
			isa = XCBuildConfiguration;
			buildSettings = {
				ASSETCATALOG_COMPILER_APPICON_NAME = AppIcon;
				ASSETCATALOG_COMPILER_GLOBAL_ACCENT_COLOR_NAME = AccentColor;
				CODE_SIGN_STYLE = Automatic;
				CURRENT_PROJECT_VERSION = 1;
				DEVELOPMENT_ASSET_PATHS = "\"dice poker/Preview Content\"";
				ENABLE_PREVIEWS = YES;
				GENERATE_INFOPLIST_FILE = YES;
				INFOPLIST_KEY_CFBundleDisplayName = "Dice Poker";
				INFOPLIST_KEY_UIApplicationSceneManifest_Generation = YES;
				INFOPLIST_KEY_UIApplicationSupportsIndirectInputEvents = YES;
				INFOPLIST_KEY_UILaunchScreen_Generation = YES;
				INFOPLIST_KEY_UISupportedInterfaceOrientations_iPad = "UIInterfaceOrientationPortrait UIInterfaceOrientationPortraitUpsideDown UIInterfaceOrientationLandscapeLeft UIInterfaceOrientationLandscapeRight";
				INFOPLIST_KEY_UISupportedInterfaceOrientations_iPhone = "UIInterfaceOrientationPortrait UIInterfaceOrientationLandscapeLeft UIInterfaceOrientationLandscapeRight";
				LD_RUNPATH_SEARCH_PATHS = (
					"$(inherited)",
					"@executable_path/Frameworks",
				);
				MARKETING_VERSION = 1.0;
				PRODUCT_BUNDLE_IDENTIFIER = "pollub.dice-poker";
				PRODUCT_NAME = "$(TARGET_NAME)";
				SWIFT_EMIT_LOC_STRINGS = YES;
				SWIFT_VERSION = 5.0;
				TARGETED_DEVICE_FAMILY = "1,2";
			};
			name = Debug;
		};
		A31A3C8A2B28425E00727761 /* Release */ = {
			isa = XCBuildConfiguration;
			buildSettings = {
				ASSETCATALOG_COMPILER_APPICON_NAME = AppIcon;
				ASSETCATALOG_COMPILER_GLOBAL_ACCENT_COLOR_NAME = AccentColor;
				CODE_SIGN_STYLE = Automatic;
				CURRENT_PROJECT_VERSION = 1;
				DEVELOPMENT_ASSET_PATHS = "\"dice poker/Preview Content\"";
				ENABLE_PREVIEWS = YES;
				GENERATE_INFOPLIST_FILE = YES;
				INFOPLIST_KEY_CFBundleDisplayName = "Dice Poker";
				INFOPLIST_KEY_UIApplicationSceneManifest_Generation = YES;
				INFOPLIST_KEY_UIApplicationSupportsIndirectInputEvents = YES;
				INFOPLIST_KEY_UILaunchScreen_Generation = YES;
				INFOPLIST_KEY_UISupportedInterfaceOrientations_iPad = "UIInterfaceOrientationPortrait UIInterfaceOrientationPortraitUpsideDown UIInterfaceOrientationLandscapeLeft UIInterfaceOrientationLandscapeRight";
				INFOPLIST_KEY_UISupportedInterfaceOrientations_iPhone = "UIInterfaceOrientationPortrait UIInterfaceOrientationLandscapeLeft UIInterfaceOrientationLandscapeRight";
				LD_RUNPATH_SEARCH_PATHS = (
					"$(inherited)",
					"@executable_path/Frameworks",
				);
				MARKETING_VERSION = 1.0;
				PRODUCT_BUNDLE_IDENTIFIER = "pollub.dice-poker";
				PRODUCT_NAME = "$(TARGET_NAME)";
				SWIFT_EMIT_LOC_STRINGS = YES;
				SWIFT_VERSION = 5.0;
				TARGETED_DEVICE_FAMILY = "1,2";
			};
			name = Release;
		};
		A31A3C8C2B28425E00727761 /* Debug */ = {
			isa = XCBuildConfiguration;
			buildSettings = {
				ALWAYS_EMBED_SWIFT_STANDARD_LIBRARIES = YES;
				BUNDLE_LOADER = "$(TEST_HOST)";
				CODE_SIGN_STYLE = Automatic;
				CURRENT_PROJECT_VERSION = 1;
				GENERATE_INFOPLIST_FILE = YES;
				IPHONEOS_DEPLOYMENT_TARGET = 16.2;
				MARKETING_VERSION = 1.0;
				PRODUCT_BUNDLE_IDENTIFIER = "pollub.dice-pokerTests";
				PRODUCT_NAME = "$(TARGET_NAME)";
				SWIFT_EMIT_LOC_STRINGS = NO;
				SWIFT_VERSION = 5.0;
				TARGETED_DEVICE_FAMILY = "1,2";
				TEST_HOST = "$(BUILT_PRODUCTS_DIR)/dice poker.app/$(BUNDLE_EXECUTABLE_FOLDER_PATH)/dice poker";
			};
			name = Debug;
		};
		A31A3C8D2B28425E00727761 /* Release */ = {
			isa = XCBuildConfiguration;
			buildSettings = {
				ALWAYS_EMBED_SWIFT_STANDARD_LIBRARIES = YES;
				BUNDLE_LOADER = "$(TEST_HOST)";
				CODE_SIGN_STYLE = Automatic;
				CURRENT_PROJECT_VERSION = 1;
				GENERATE_INFOPLIST_FILE = YES;
				IPHONEOS_DEPLOYMENT_TARGET = 16.2;
				MARKETING_VERSION = 1.0;
				PRODUCT_BUNDLE_IDENTIFIER = "pollub.dice-pokerTests";
				PRODUCT_NAME = "$(TARGET_NAME)";
				SWIFT_EMIT_LOC_STRINGS = NO;
				SWIFT_VERSION = 5.0;
				TARGETED_DEVICE_FAMILY = "1,2";
				TEST_HOST = "$(BUILT_PRODUCTS_DIR)/dice poker.app/$(BUNDLE_EXECUTABLE_FOLDER_PATH)/dice poker";
			};
			name = Release;
		};
/* End XCBuildConfiguration section */

/* Begin XCConfigurationList section */
		A31A3C5F2B28425A00727761 /* Build configuration list for PBXProject "dice poker" */ = {
			isa = XCConfigurationList;
			buildConfigurations = (
				A31A3C862B28425E00727761 /* Debug */,
				A31A3C872B28425E00727761 /* Release */,
			);
			defaultConfigurationIsVisible = 0;
			defaultConfigurationName = Release;
		};
		A31A3C882B28425E00727761 /* Build configuration list for PBXNativeTarget "dice poker" */ = {
			isa = XCConfigurationList;
			buildConfigurations = (
				A31A3C892B28425E00727761 /* Debug */,
				A31A3C8A2B28425E00727761 /* Release */,
			);
			defaultConfigurationIsVisible = 0;
			defaultConfigurationName = Release;
		};
		A31A3C8B2B28425E00727761 /* Build configuration list for PBXNativeTarget "dice pokerTests" */ = {
			isa = XCConfigurationList;
			buildConfigurations = (
				A31A3C8C2B28425E00727761 /* Debug */,
				A31A3C8D2B28425E00727761 /* Release */,
			);
			defaultConfigurationIsVisible = 0;
			defaultConfigurationName = Release;
		};
/* End XCConfigurationList section */
	};
	rootObject = A31A3C5C2B28425A00727761 /* Project object */;
}
